
Microsoft Visual Studio Solution File, Format Version 12.00
Project("{FAE04EC0-301F-11D3-BF4B-00C04F79EFBC}") = "Veho.Vector", "Veho.Vector\Veho.Vector.csproj", "{92185A8E-A7E5-4716-B4BA-88D7A21E5EBC}"
EndProject
Project("{FAE04EC0-301F-11D3-BF4B-00C04F79EFBC}") = "Veho.Matrix", "Veho.Matrix\Veho.Matrix.csproj", "{1B46BFA4-42E4-4C0E-BCBE-C985ACE94ACC}"
EndProject
Project("{FAE04EC0-301F-11D3-BF4B-00C04F79EFBC}") = "Veho.Dictionary", "Veho.Dictionary\Veho.Dictionary.csproj", "{17A79A52-66F2-47E3-B96D-10A1A980F1F9}"
EndProject
Project("{FAE04EC0-301F-11D3-BF4B-00C04F79EFBC}") = "Veho", "Veho\Veho.csproj", "{AD377DE8-0DEA-4B76-A200-BEA722130516}"
EndProject
Project("{FAE04EC0-301F-11D3-BF4B-00C04F79EFBC}") = "Veho.Test", "Veho.Test\Veho.Test.csproj", "{84EF9D47-F861-4119-9EC5-80924C014F0B}"
EndProject
Project("{FAE04EC0-301F-11D3-BF4B-00C04F79EFBC}") = "Veho.Entries", "Veho.Entries\Veho.Entries.csproj", "{DA2E6500-C150-4960-9B97-348C19F4CCB9}"
EndProject
Project("{FAE04EC0-301F-11D3-BF4B-00C04F79EFBC}") = "Veho.Enumerable", "Veho.Enumerable\Veho.Enumerable.csproj", "{AB61D056-F6A7-4DEA-A1E4-6B4DECF73C9E}"
EndProject
Project("{FAE04EC0-301F-11D3-BF4B-00C04F79EFBC}") = "Veho.Sequence", "Veho.Sequence\Veho.Sequence.csproj", "{06C0B26C-0537-4FE6-8080-527D6CD71218}"
EndProject
Project("{FAE04EC0-301F-11D3-BF4B-00C04F79EFBC}") = "Veho.Types", "Veho.Types\Veho.Types.csproj", "{BD9AB80D-4733-4881-9FB7-962E0EF4F28B}"
EndProject
Project("{FAE04EC0-301F-11D3-BF4B-00C04F79EFBC}") = "Veho.Tuple", "Veho.Tuple\Veho.Tuple.csproj", "{5877703D-B32E-433B-A06A-940AA0763390}"
EndProject
Project("{FAE04EC0-301F-11D3-BF4B-00C04F79EFBC}") = "Veho.Mutable.Matrix", "Veho.Mutable.Matrix\Veho.Mutable.Matrix.csproj", "{C14BB44E-EA6D-4022-BCA1-5E6EE943990F}"
EndProject
Project("{F2A71F9B-5D33-465A-A702-920D77279786}") = "Veho.Core", "..\Veho.Core\Veho.Core\Veho.Core.fsproj", "{44939BFA-AB08-4509-88DF-B1E335C9698F}"
EndProject
Global
	GlobalSection(SolutionConfigurationPlatforms) = preSolution
		Debug|Any CPU = Debug|Any CPU
		Release|Any CPU = Release|Any CPU
	EndGlobalSection
	GlobalSection(ProjectConfigurationPlatforms) = postSolution
		{92185A8E-A7E5-4716-B4BA-88D7A21E5EBC}.Debug|Any CPU.ActiveCfg = Debug|Any CPU
		{92185A8E-A7E5-4716-B4BA-88D7A21E5EBC}.Debug|Any CPU.Build.0 = Debug|Any CPU
		{92185A8E-A7E5-4716-B4BA-88D7A21E5EBC}.Release|Any CPU.ActiveCfg = Release|Any CPU
		{92185A8E-A7E5-4716-B4BA-88D7A21E5EBC}.Release|Any CPU.Build.0 = Release|Any CPU
		{1B46BFA4-42E4-4C0E-BCBE-C985ACE94ACC}.Debug|Any CPU.ActiveCfg = Debug|Any CPU
		{1B46BFA4-42E4-4C0E-BCBE-C985ACE94ACC}.Debug|Any CPU.Build.0 = Debug|Any CPU
		{1B46BFA4-42E4-4C0E-BCBE-C985ACE94ACC}.Release|Any CPU.ActiveCfg = Release|Any CPU
		{1B46BFA4-42E4-4C0E-BCBE-C985ACE94ACC}.Release|Any CPU.Build.0 = Release|Any CPU
		{17A79A52-66F2-47E3-B96D-10A1A980F1F9}.Debug|Any CPU.ActiveCfg = Debug|Any CPU
		{17A79A52-66F2-47E3-B96D-10A1A980F1F9}.Debug|Any CPU.Build.0 = Debug|Any CPU
		{17A79A52-66F2-47E3-B96D-10A1A980F1F9}.Release|Any CPU.ActiveCfg = Release|Any CPU
		{17A79A52-66F2-47E3-B96D-10A1A980F1F9}.Release|Any CPU.Build.0 = Release|Any CPU
		{AD377DE8-0DEA-4B76-A200-BEA722130516}.Debug|Any CPU.ActiveCfg = Debug|Any CPU
		{AD377DE8-0DEA-4B76-A200-BEA722130516}.Debug|Any CPU.Build.0 = Debug|Any CPU
		{AD377DE8-0DEA-4B76-A200-BEA722130516}.Release|Any CPU.ActiveCfg = Release|Any CPU
		{AD377DE8-0DEA-4B76-A200-BEA722130516}.Release|Any CPU.Build.0 = Release|Any CPU
		{84EF9D47-F861-4119-9EC5-80924C014F0B}.Debug|Any CPU.ActiveCfg = Debug|Any CPU
		{84EF9D47-F861-4119-9EC5-80924C014F0B}.Debug|Any CPU.Build.0 = Debug|Any CPU
		{84EF9D47-F861-4119-9EC5-80924C014F0B}.Release|Any CPU.ActiveCfg = Release|Any CPU
		{84EF9D47-F861-4119-9EC5-80924C014F0B}.Release|Any CPU.Build.0 = Release|Any CPU
		{DA2E6500-C150-4960-9B97-348C19F4CCB9}.Debug|Any CPU.ActiveCfg = Debug|Any CPU
		{DA2E6500-C150-4960-9B97-348C19F4CCB9}.Debug|Any CPU.Build.0 = Debug|Any CPU
		{DA2E6500-C150-4960-9B97-348C19F4CCB9}.Release|Any CPU.ActiveCfg = Release|Any CPU
		{DA2E6500-C150-4960-9B97-348C19F4CCB9}.Release|Any CPU.Build.0 = Release|Any CPU
		{AB61D056-F6A7-4DEA-A1E4-6B4DECF73C9E}.Debug|Any CPU.ActiveCfg = Debug|Any CPU
		{AB61D056-F6A7-4DEA-A1E4-6B4DECF73C9E}.Debug|Any CPU.Build.0 = Debug|Any CPU
		{AB61D056-F6A7-4DEA-A1E4-6B4DECF73C9E}.Release|Any CPU.ActiveCfg = Release|Any CPU
		{AB61D056-F6A7-4DEA-A1E4-6B4DECF73C9E}.Release|Any CPU.Build.0 = Release|Any CPU
		{06C0B26C-0537-4FE6-8080-527D6CD71218}.Debug|Any CPU.ActiveCfg = Debug|Any CPU
		{06C0B26C-0537-4FE6-8080-527D6CD71218}.Debug|Any CPU.Build.0 = Debug|Any CPU
		{06C0B26C-0537-4FE6-8080-527D6CD71218}.Release|Any CPU.ActiveCfg = Release|Any CPU
		{06C0B26C-0537-4FE6-8080-527D6CD71218}.Release|Any CPU.Build.0 = Release|Any CPU
		{BD9AB80D-4733-4881-9FB7-962E0EF4F28B}.Debug|Any CPU.ActiveCfg = Debug|Any CPU
		{BD9AB80D-4733-4881-9FB7-962E0EF4F28B}.Debug|Any CPU.Build.0 = Debug|Any CPU
		{BD9AB80D-4733-4881-9FB7-962E0EF4F28B}.Release|Any CPU.ActiveCfg = Release|Any CPU
		{BD9AB80D-4733-4881-9FB7-962E0EF4F28B}.Release|Any CPU.Build.0 = Release|Any CPU
		{5877703D-B32E-433B-A06A-940AA0763390}.Debug|Any CPU.ActiveCfg = Debug|Any CPU
		{5877703D-B32E-433B-A06A-940AA0763390}.Debug|Any CPU.Build.0 = Debug|Any CPU
		{5877703D-B32E-433B-A06A-940AA0763390}.Release|Any CPU.ActiveCfg = Release|Any CPU
		{5877703D-B32E-433B-A06A-940AA0763390}.Release|Any CPU.Build.0 = Release|Any CPU
		{C14BB44E-EA6D-4022-BCA1-5E6EE943990F}.Debug|Any CPU.ActiveCfg = Debug|Any CPU
		{C14BB44E-EA6D-4022-BCA1-5E6EE943990F}.Debug|Any CPU.Build.0 = Debug|Any CPU
		{C14BB44E-EA6D-4022-BCA1-5E6EE943990F}.Release|Any CPU.ActiveCfg = Release|Any CPU
		{C14BB44E-EA6D-4022-BCA1-5E6EE943990F}.Release|Any CPU.Build.0 = Release|Any CPU
		{44939BFA-AB08-4509-88DF-B1E335C9698F}.Debug|Any CPU.ActiveCfg = Debug|Any CPU
		{44939BFA-AB08-4509-88DF-B1E335C9698F}.Debug|Any CPU.Build.0 = Debug|Any CPU
		{44939BFA-AB08-4509-88DF-B1E335C9698F}.Release|Any CPU.ActiveCfg = Release|Any CPU
		{44939BFA-AB08-4509-88DF-B1E335C9698F}.Release|Any CPU.Build.0 = Release|Any CPU
	EndGlobalSection
EndGlobal
